
Microsoft Visual Studio Solution File, Format Version 12.00
# Visual Studio Version 17
VisualStudioVersion = 17.6.33815.320
MinimumVisualStudioVersion = 10.0.40219.1
Project("{FAE04EC0-301F-11D3-BF4B-00C04F79EFBC}") = "CollegeDekhoService", "CollegeDekhoService\CollegeDekhoService.csproj", "{E299CEDF-7E63-440E-A09D-36077A843E7C}"
EndProject
Project("{FAE04EC0-301F-11D3-BF4B-00C04F79EFBC}") = "CollegeDekhoClient", "CollegeDekhoClient\CollegeDekhoClient.csproj", "{61CC7C3D-62D1-4B2D-BDAB-E22F2D243BD2}"
	ProjectSection(ProjectDependencies) = postProject
		{E299CEDF-7E63-440E-A09D-36077A843E7C} = {E299CEDF-7E63-440E-A09D-36077A843E7C}
	EndProjectSection
EndProject
Global
	GlobalSection(SolutionConfigurationPlatforms) = preSolution
		Debug|Any CPU = Debug|Any CPU
		Release|Any CPU = Release|Any CPU
	EndGlobalSection
	GlobalSection(ProjectConfigurationPlatforms) = postSolution
		{E299CEDF-7E63-440E-A09D-36077A843E7C}.Debug|Any CPU.ActiveCfg = Debug|Any CPU
		{E299CEDF-7E63-440E-A09D-36077A843E7C}.Debug|Any CPU.Build.0 = Debug|Any CPU
		{E299CEDF-7E63-440E-A09D-36077A843E7C}.Release|Any CPU.ActiveCfg = Release|Any CPU
		{E299CEDF-7E63-440E-A09D-36077A843E7C}.Release|Any CPU.Build.0 = Release|Any CPU
		{61CC7C3D-62D1-4B2D-BDAB-E22F2D243BD2}.Debug|Any CPU.ActiveCfg = Debug|Any CPU
		{61CC7C3D-62D1-4B2D-BDAB-E22F2D243BD2}.Debug|Any CPU.Build.0 = Debug|Any CPU
		{61CC7C3D-62D1-4B2D-BDAB-E22F2D243BD2}.Release|Any CPU.ActiveCfg = Release|Any CPU
		{61CC7C3D-62D1-4B2D-BDAB-E22F2D243BD2}.Release|Any CPU.Build.0 = Release|Any CPU
	EndGlobalSection
	GlobalSection(SolutionProperties) = preSolution
		HideSolutionNode = FALSE
	EndGlobalSection
	GlobalSection(ExtensibilityGlobals) = postSolution
		SolutionGuid = {ADD63F17-5FEA-49D0-9426-7D81703DA5DA}
	EndGlobalSection
EndGlobal
